
Microsoft Visual Studio Solution File, Format Version 12.00
# Visual Studio Version 17
VisualStudioVersion = 17.6.33815.320
MinimumVisualStudioVersion = 10.0.40219.1
Project("{2150E333-8FDC-42A3-9474-1A3956D46DE8}") = "PubSubSample", "PubSubSample", "{EE286810-7404-4662-9BAE-A1927F22B022}"
EndProject
Project("{FAE04EC0-301F-11D3-BF4B-00C04F79EFBC}") = "PubSubSample", "PubSubSample\PubSubSample.csproj", "{B317318B-8941-460A-90CB-C3C3A0F987FB}"
EndProject
Global
	GlobalSection(SolutionConfigurationPlatforms) = preSolution
		Debug|Any CPU = Debug|Any CPU
		Release|Any CPU = Release|Any CPU
	EndGlobalSection
	GlobalSection(ProjectConfigurationPlatforms) = postSolution
		{B317318B-8941-460A-90CB-C3C3A0F987FB}.Debug|Any CPU.ActiveCfg = Debug|Any CPU
		{B317318B-8941-460A-90CB-C3C3A0F987FB}.Debug|Any CPU.Build.0 = Debug|Any CPU
		{B317318B-8941-460A-90CB-C3C3A0F987FB}.Release|Any CPU.ActiveCfg = Release|Any CPU
		{B317318B-8941-460A-90CB-C3C3A0F987FB}.Release|Any CPU.Build.0 = Release|Any CPU
	EndGlobalSection
	GlobalSection(SolutionProperties) = preSolution
		HideSolutionNode = FALSE
	EndGlobalSection
	GlobalSection(NestedProjects) = preSolution
		{B317318B-8941-460A-90CB-C3C3A0F987FB} = {EE286810-7404-4662-9BAE-A1927F22B022}
	EndGlobalSection
	GlobalSection(ExtensibilityGlobals) = postSolution
		SolutionGuid = {BD154AA6-8D41-4734-B877-D7F417656324}
	EndGlobalSection
EndGlobal
